
Microsoft Visual Studio Solution File, Format Version 12.00
# Visual Studio 15
VisualStudioVersion = 15.0.26730.10
MinimumVisualStudioVersion = 10.0.40219.1
Project("{FAE04EC0-301F-11D3-BF4B-00C04F79EFBC}") = "Prova_P2", "Prova_P2.csproj", "{02934680-CA25-4847-B14A-008B671187D7}"
EndProject
Global
	GlobalSection(SolutionConfigurationPlatforms) = preSolution
		Debug|Any CPU = Debug|Any CPU
		Release|Any CPU = Release|Any CPU
	EndGlobalSection
	GlobalSection(ProjectConfigurationPlatforms) = postSolution
		{02934680-CA25-4847-B14A-008B671187D7}.Debug|Any CPU.ActiveCfg = Debug|Any CPU
		{02934680-CA25-4847-B14A-008B671187D7}.Debug|Any CPU.Build.0 = Debug|Any CPU
		{02934680-CA25-4847-B14A-008B671187D7}.Release|Any CPU.ActiveCfg = Release|Any CPU
		{02934680-CA25-4847-B14A-008B671187D7}.Release|Any CPU.Build.0 = Release|Any CPU
	EndGlobalSection
	GlobalSection(SolutionProperties) = preSolution
		HideSolutionNode = FALSE
	EndGlobalSection
	GlobalSection(ExtensibilityGlobals) = postSolution
		SolutionGuid = {5F0474A8-C2EA-427B-B1C0-D73C70D029B7}
	EndGlobalSection
EndGlobal
