
Microsoft Visual Studio Solution File, Format Version 12.00
# Visual Studio 15
VisualStudioVersion = 15.0.26730.10
MinimumVisualStudioVersion = 10.0.40219.1
Project("{FAE04EC0-301F-11D3-BF4B-00C04F79EFBC}") = "TP01", "TP01\TP01.csproj", "{A06AC94C-232E-4F09-85D4-679C8B6AF0B4}"
EndProject
Global
	GlobalSection(SolutionConfigurationPlatforms) = preSolution
		Debug|Any CPU = Debug|Any CPU
		Release|Any CPU = Release|Any CPU
	EndGlobalSection
	GlobalSection(ProjectConfigurationPlatforms) = postSolution
		{A06AC94C-232E-4F09-85D4-679C8B6AF0B4}.Debug|Any CPU.ActiveCfg = Debug|Any CPU
		{A06AC94C-232E-4F09-85D4-679C8B6AF0B4}.Debug|Any CPU.Build.0 = Debug|Any CPU
		{A06AC94C-232E-4F09-85D4-679C8B6AF0B4}.Release|Any CPU.ActiveCfg = Release|Any CPU
		{A06AC94C-232E-4F09-85D4-679C8B6AF0B4}.Release|Any CPU.Build.0 = Release|Any CPU
	EndGlobalSection
	GlobalSection(SolutionProperties) = preSolution
		HideSolutionNode = FALSE
	EndGlobalSection
	GlobalSection(ExtensibilityGlobals) = postSolution
		SolutionGuid = {FA4B5813-2537-4F51-A632-7919CB71AE22}
	EndGlobalSection
EndGlobal
